{
  "name": "bluelike",
  "version": "1.0.0",
  "lockfileVersion": 3,
  "requires": true,
  "packages": {
    "": {
      "name": "bluelike",
      "version": "1.0.0",
      "license": "ISC",
      "dependencies": {
        "@vant/weapp": "^1.11.7"
      },
      "devDependencies": {
        "miniprogram-api-typings": "^4.0.1"
      }
    },
    "node_modules/@vant/weapp": {
      "version": "1.11.7",
      "resolved": "https://registry.npmjs.org/@vant/weapp/-/weapp-1.11.7.tgz",
      "integrity": "sha512-Rwn9BBnb4kHSV4XmvBicwtd42J+amEUfnFDcXJsGNPNX4a9c/DoT6YLsm4X1wB2+sQbdiQsbFBLAvGRBxCkD8g=="
    },
    "node_modules/miniprogram-api-typings": {
      "version": "4.0.1",
      "resolved": "https://registry.npmjs.org/miniprogram-api-typings/-/miniprogram-api-typings-4.0.1.tgz",
      "integrity": "sha512-Ok4SSNCYnNLgbAhHCpIeqx6XICZ3aUxZ2iQDExmwKEinWaQQFzzxobK5JP9skrEOWn9PoKodjw4iUdF8Um0i/A==",
      "dev": true
    }
  }
}
